
Microsoft Visual Studio Solution File, Format Version 12.00
# Visual Studio 15
VisualStudioVersion = 15.0.28307.489
MinimumVisualStudioVersion = 10.0.40219.1
Project("{FAE04EC0-301F-11D3-BF4B-00C04F79EFBC}") = "LearnJapaneseWords", "LearnJapaneseWords\LearnJapaneseWords.csproj", "{0FBCB293-C388-4EF0-B5E5-336911FD3AF9}"
EndProject
Global
	GlobalSection(SolutionConfigurationPlatforms) = preSolution
		Debug|Any CPU = Debug|Any CPU
		Release|Any CPU = Release|Any CPU
	EndGlobalSection
	GlobalSection(ProjectConfigurationPlatforms) = postSolution
		{0FBCB293-C388-4EF0-B5E5-336911FD3AF9}.Debug|Any CPU.ActiveCfg = Debug|Any CPU
		{0FBCB293-C388-4EF0-B5E5-336911FD3AF9}.Debug|Any CPU.Build.0 = Debug|Any CPU
		{0FBCB293-C388-4EF0-B5E5-336911FD3AF9}.Release|Any CPU.ActiveCfg = Release|Any CPU
		{0FBCB293-C388-4EF0-B5E5-336911FD3AF9}.Release|Any CPU.Build.0 = Release|Any CPU
	EndGlobalSection
	GlobalSection(SolutionProperties) = preSolution
		HideSolutionNode = FALSE
	EndGlobalSection
	GlobalSection(ExtensibilityGlobals) = postSolution
		SolutionGuid = {7C22166E-CF78-4CB3-9153-F75A53B60223}
	EndGlobalSection
EndGlobal
